// !$*UTF8*$!
{
	archiveVersion = 1;
	classes = {
	};
	objectVersion = 46;
	objects = {

/* Begin PBXBuildFile section */
		E2BFC28C169D3B7D0042AF99 /* UIKit.framework in Frameworks */ = {isa = PBXBuildFile; fileRef = E2BFC28B169D3B7D0042AF99 /* UIKit.framework */; };
		E2BFC28E169D3B7D0042AF99 /* Foundation.framework in Frameworks */ = {isa = PBXBuildFile; fileRef = E2BFC28D169D3B7D0042AF99 /* Foundation.framework */; };
		E2BFC290169D3B7E0042AF99 /* CoreGraphics.framework in Frameworks */ = {isa = PBXBuildFile; fileRef = E2BFC28F169D3B7D0042AF99 /* CoreGraphics.framework */; };
		E2BFC296169D3B7E0042AF99 /* InfoPlist.strings in Resources */ = {isa = PBXBuildFile; fileRef = E2BFC294169D3B7E0042AF99 /* InfoPlist.strings */; };
		E2BFC298169D3B7E0042AF99 /* main.m in Sources */ = {isa = PBXBuildFile; fileRef = E2BFC297169D3B7E0042AF99 /* main.m */; };
		E2BFC29C169D3B7E0042AF99 /* AppDelegate.m in Sources */ = {isa = PBXBuildFile; fileRef = E2BFC29B169D3B7E0042AF99 /* AppDelegate.m */; };
		E2BFC29E169D3B7E0042AF99 /* Default.png in Resources */ = {isa = PBXBuildFile; fileRef = E2BFC29D169D3B7E0042AF99 /* Default.png */; };
		E2BFC2A0169D3B7E0042AF99 /* Default@2x.png in Resources */ = {isa = PBXBuildFile; fileRef = E2BFC29F169D3B7E0042AF99 /* Default@2x.png */; };
		E2BFC2A2169D3B7E0042AF99 /* Default-568h@2x.png in Resources */ = {isa = PBXBuildFile; fileRef = E2BFC2A1169D3B7E0042AF99 /* Default-568h@2x.png */; };
		E2BFC2A5169D3B7E0042AF99 /* MainStoryboard.storyboard in Resources */ = {isa = PBXBuildFile; fileRef = E2BFC2A3169D3B7E0042AF99 /* MainStoryboard.storyboard */; };
		E2BFC2A8169D3B7E0042AF99 /* ViewController.m in Sources */ = {isa = PBXBuildFile; fileRef = E2BFC2A7169D3B7E0042AF99 /* ViewController.m */; };
/* End PBXBuildFile section */

/* Begin PBXFileReference section */
		E2BFC287169D3B7D0042AF99 /* GDataXML.app */ = {isa = PBXFileReference; explicitFileType = wrapper.application; includeInIndex = 0; path = GDataXML.app; sourceTree = BUILT_PRODUCTS_DIR; };
		E2BFC28B169D3B7D0042AF99 /* UIKit.framework */ = {isa = PBXFileReference; lastKnownFileType = wrapper.framework; name = UIKit.framework; path = System/Library/Frameworks/UIKit.framework; sourceTree = SDKROOT; };
		E2BFC28D169D3B7D0042AF99 /* Foundation.framework */ = {isa = PBXFileReference; lastKnownFileType = wrapper.framework; name = Foundation.framework; path = System/Library/Frameworks/Foundation.framework; sourceTree = SDKROOT; };
		E2BFC28F169D3B7D0042AF99 /* CoreGraphics.framework */ = {isa = PBXFileReference; lastKnownFileType = wrapper.framework; name = CoreGraphics.framework; path = System/Library/Frameworks/CoreGraphics.framework; sourceTree = SDKROOT; };
		E2BFC293169D3B7E0042AF99 /* GDataXML-Info.plist */ = {isa = PBXFileReference; lastKnownFileType = text.plist.xml; path = "GDataXML-Info.plist"; sourceTree = "<group>"; };
		E2BFC295169D3B7E0042AF99 /* en */ = {isa = PBXFileReference; lastKnownFileType = text.plist.strings; name = en; path = en.lproj/InfoPlist.strings; sourceTree = "<group>"; };
		E2BFC297169D3B7E0042AF99 /* main.m */ = {isa = PBXFileReference; lastKnownFileType = sourcecode.c.objc; path = main.m; sourceTree = "<group>"; };
		E2BFC299169D3B7E0042AF99 /* GDataXML-Prefix.pch */ = {isa = PBXFileReference; lastKnownFileType = sourcecode.c.h; path = "GDataXML-Prefix.pch"; sourceTree = "<group>"; };
		E2BFC29A169D3B7E0042AF99 /* AppDelegate.h */ = {isa = PBXFileReference; lastKnownFileType = sourcecode.c.h; path = AppDelegate.h; sourceTree = "<group>"; };
		E2BFC29B169D3B7E0042AF99 /* AppDelegate.m */ = {isa = PBXFileReference; lastKnownFileType = sourcecode.c.objc; path = AppDelegate.m; sourceTree = "<group>"; };
		E2BFC29D169D3B7E0042AF99 /* Default.png */ = {isa = PBXFileReference; lastKnownFileType = image.png; path = Default.png; sourceTree = "<group>"; };
		E2BFC29F169D3B7E0042AF99 /* Default@2x.png */ = {isa = PBXFileReference; lastKnownFileType = image.png; path = "Default@2x.png"; sourceTree = "<group>"; };
		E2BFC2A1169D3B7E0042AF99 /* Default-568h@2x.png */ = {isa = PBXFileReference; lastKnownFileType = image.png; path = "Default-568h@2x.png"; sourceTree = "<group>"; };
		E2BFC2A4169D3B7E0042AF99 /* en */ = {isa = PBXFileReference; lastKnownFileType = file.storyboard; name = en; path = en.lproj/MainStoryboard.storyboard; sourceTree = "<group>"; };
		E2BFC2A6169D3B7E0042AF99 /* ViewController.h */ = {isa = PBXFileReference; lastKnownFileType = sourcecode.c.h; path = ViewController.h; sourceTree = "<group>"; };
		E2BFC2A7169D3B7E0042AF99 /* ViewController.m */ = {isa = PBXFileReference; lastKnownFileType = sourcecode.c.objc; path = ViewController.m; sourceTree = "<group>"; };
/* End PBXFileReference section */

/* Begin PBXFrameworksBuildPhase section */
		E2BFC284169D3B7D0042AF99 /* Frameworks */ = {
			isa = PBXFrameworksBuildPhase;
			buildActionMask = 2147483647;
			files = (
				E2BFC28C169D3B7D0042AF99 /* UIKit.framework in Frameworks */,
				E2BFC28E169D3B7D0042AF99 /* Foundation.framework in Frameworks */,
				E2BFC290169D3B7E0042AF99 /* CoreGraphics.framework in Frameworks */,
			);
			runOnlyForDeploymentPostprocessing = 0;
		};
/* End PBXFrameworksBuildPhase section */

/* Begin PBXGroup section */
		E2BFC27C169D3B7D0042AF99 = {
			isa = PBXGroup;
			children = (
				E2BFC291169D3B7E0042AF99 /* GDataXML */,
				E2BFC28A169D3B7D0042AF99 /* Frameworks */,
				E2BFC288169D3B7D0042AF99 /* Products */,
			);
			sourceTree = "<group>";
		};
		E2BFC288169D3B7D0042AF99 /* Products */ = {
			isa = PBXGroup;
			children = (
				E2BFC287169D3B7D0042AF99 /* GDataXML.app */,
			);
			name = Products;
			sourceTree = "<group>";
		};
		E2BFC28A169D3B7D0042AF99 /* Frameworks */ = {
			isa = PBXGroup;
			children = (
				E2BFC28B169D3B7D0042AF99 /* UIKit.framework */,
				E2BFC28D169D3B7D0042AF99 /* Foundation.framework */,
				E2BFC28F169D3B7D0042AF99 /* CoreGraphics.framework */,
			);
			name = Frameworks;
			sourceTree = "<group>";
		};
		E2BFC291169D3B7E0042AF99 /* GDataXML */ = {
			isa = PBXGroup;
			children = (
				E2BFC29A169D3B7E0042AF99 /* AppDelegate.h */,
				E2BFC29B169D3B7E0042AF99 /* AppDelegate.m */,
				E2BFC2A3169D3B7E0042AF99 /* MainStoryboard.storyboard */,
				E2BFC2A6169D3B7E0042AF99 /* ViewController.h */,
				E2BFC2A7169D3B7E0042AF99 /* ViewController.m */,
				E2BFC292169D3B7E0042AF99 /* Supporting Files */,
			);
			path = GDataXML;
			sourceTree = "<group>";
		};
		E2BFC292169D3B7E0042AF99 /* Supporting Files */ = {
			isa = PBXGroup;
			children = (
				E2BFC293169D3B7E0042AF99 /* GDataXML-Info.plist */,
				E2BFC294169D3B7E0042AF99 /* InfoPlist.strings */,
				E2BFC297169D3B7E0042AF99 /* main.m */,
				E2BFC299169D3B7E0042AF99 /* GDataXML-Prefix.pch */,
				E2BFC29D169D3B7E0042AF99 /* Default.png */,
				E2BFC29F169D3B7E0042AF99 /* Default@2x.png */,
				E2BFC2A1169D3B7E0042AF99 /* Default-568h@2x.png */,
			);
			name = "Supporting Files";
			sourceTree = "<group>";
		};
/* End PBXGroup section */

/* Begin PBXNativeTarget section */
		E2BFC286169D3B7D0042AF99 /* GDataXML */ = {
			isa = PBXNativeTarget;
			buildConfigurationList = E2BFC2AB169D3B7E0042AF99 /* Build configuration list for PBXNativeTarget "GDataXML" */;
			buildPhases = (
				E2BFC283169D3B7D0042AF99 /* Sources */,
				E2BFC284169D3B7D0042AF99 /* Frameworks */,
				E2BFC285169D3B7D0042AF99 /* Resources */,
			);
			buildRules = (
			);
			dependencies = (
			);
			name = GDataXML;
			productName = GDataXML;
			productReference = E2BFC287169D3B7D0042AF99 /* GDataXML.app */;
			productType = "com.apple.product-type.application";
		};
/* End PBXNativeTarget section */

/* Begin PBXProject section */
		E2BFC27E169D3B7D0042AF99 /* Project object */ = {
			isa = PBXProject;
			attributes = {
				LastUpgradeCheck = 0450;
				ORGANIZATIONNAME = huangbo;
			};
			buildConfigurationList = E2BFC281169D3B7D0042AF99 /* Build configuration list for PBXProject "GDataXML" */;
			compatibilityVersion = "Xcode 3.2";
			developmentRegion = English;
			hasScannedForEncodings = 0;
			knownRegions = (
				en,
			);
			mainGroup = E2BFC27C169D3B7D0042AF99;
			productRefGroup = E2BFC288169D3B7D0042AF99 /* Products */;
			projectDirPath = "";
			projectRoot = "";
			targets = (
				E2BFC286169D3B7D0042AF99 /* GDataXML */,
			);
		};
/* End PBXProject section */

/* Begin PBXResourcesBuildPhase section */
		E2BFC285169D3B7D0042AF99 /* Resources */ = {
			isa = PBXResourcesBuildPhase;
			buildActionMask = 2147483647;
			files = (
				E2BFC296169D3B7E0042AF99 /* InfoPlist.strings in Resources */,
				E2BFC29E169D3B7E0042AF99 /* Default.png in Resources */,
				E2BFC2A0169D3B7E0042AF99 /* Default@2x.png in Resources */,
				E2BFC2A2169D3B7E0042AF99 /* Default-568h@2x.png in Resources */,
				E2BFC2A5169D3B7E0042AF99 /* MainStoryboard.storyboard in Resources */,
			);
			runOnlyForDeploymentPostprocessing = 0;
		};
/* End PBXResourcesBuildPhase section */

/* Begin PBXSourcesBuildPhase section */
		E2BFC283169D3B7D0042AF99 /* Sources */ = {
			isa = PBXSourcesBuildPhase;
			buildActionMask = 2147483647;
			files = (
				E2BFC298169D3B7E0042AF99 /* main.m in Sources */,
				E2BFC29C169D3B7E0042AF99 /* AppDelegate.m in Sources */,
				E2BFC2A8169D3B7E0042AF99 /* ViewController.m in Sources */,
			);
			runOnlyForDeploymentPostprocessing = 0;
		};
/* End PBXSourcesBuildPhase section */

/* Begin PBXVariantGroup section */
		E2BFC294169D3B7E0042AF99 /* InfoPlist.strings */ = {
			isa = PBXVariantGroup;
			children = (
				E2BFC295169D3B7E0042AF99 /* en */,
			);
			name = InfoPlist.strings;
			sourceTree = "<group>";
		};
		E2BFC2A3169D3B7E0042AF99 /* MainStoryboard.storyboard */ = {
			isa = PBXVariantGroup;
			children = (
				E2BFC2A4169D3B7E0042AF99 /* en */,
			);
			name = MainStoryboard.storyboard;
			sourceTree = "<group>";
		};
/* End PBXVariantGroup section */

/* Begin XCBuildConfiguration section */
		E2BFC2A9169D3B7E0042AF99 /* Debug */ = {
			isa = XCBuildConfiguration;
			buildSettings = {
				ALWAYS_SEARCH_USER_PATHS = NO;
				CLANG_CXX_LANGUAGE_STANDARD = "gnu++0x";
				CLANG_CXX_LIBRARY = "libc++";
				CLANG_ENABLE_OBJC_ARC = YES;
				CLANG_WARN_EMPTY_BODY = YES;
				CLANG_WARN__DUPLICATE_METHOD_MATCH = YES;
				"CODE_SIGN_IDENTITY[sdk=iphoneos*]" = "iPhone Developer";
				COPY_PHASE_STRIP = NO;
				GCC_C_LANGUAGE_STANDARD = gnu99;
				GCC_DYNAMIC_NO_PIC = NO;
				GCC_OPTIMIZATION_LEVEL = 0;
				GCC_PREPROCESSOR_DEFINITIONS = (
					"DEBUG=1",
					"$(inherited)",
				);
				GCC_SYMBOLS_PRIVATE_EXTERN = NO;
				GCC_WARN_ABOUT_RETURN_TYPE = YES;
				GCC_WARN_UNINITIALIZED_AUTOS = YES;
				GCC_WARN_UNUSED_VARIABLE = YES;
				IPHONEOS_DEPLOYMENT_TARGET = 6.0;
				ONLY_ACTIVE_ARCH = YES;
				SDKROOT = iphoneos;
			};
			name = Debug;
		};
		E2BFC2AA169D3B7E0042AF99 /* Release */ = {
			isa = XCBuildConfiguration;
			buildSettings = {
				ALWAYS_SEARCH_USER_PATHS = NO;
				CLANG_CXX_LANGUAGE_STANDARD = "gnu++0x";
				CLANG_CXX_LIBRARY = "libc++";
				CLANG_ENABLE_OBJC_ARC = YES;
				CLANG_WARN_EMPTY_BODY = YES;
				CLANG_WARN__DUPLICATE_METHOD_MATCH = YES;
				"CODE_SIGN_IDENTITY[sdk=iphoneos*]" = "iPhone Developer";
				COPY_PHASE_STRIP = YES;
				GCC_C_LANGUAGE_STANDARD = gnu99;
				GCC_WARN_ABOUT_RETURN_TYPE = YES;
				GCC_WARN_UNINITIALIZED_AUTOS = YES;
				GCC_WARN_UNUSED_VARIABLE = YES;
				IPHONEOS_DEPLOYMENT_TARGET = 6.0;
				OTHER_CFLAGS = "-DNS_BLOCK_ASSERTIONS=1";
				SDKROOT = iphoneos;
				VALIDATE_PRODUCT = YES;
			};
			name = Release;
		};
		E2BFC2AC169D3B7E0042AF99 /* Debug */ = {
			isa = XCBuildConfiguration;
			buildSettings = {
				GCC_PRECOMPILE_PREFIX_HEADER = YES;
				GCC_PREFIX_HEADER = "GDataXML/GDataXML-Prefix.pch";
				INFOPLIST_FILE = "GDataXML/GDataXML-Info.plist";
				PRODUCT_NAME = "$(TARGET_NAME)";
				WRAPPER_EXTENSION = app;
			};
			name = Debug;
		};
		E2BFC2AD169D3B7E0042AF99 /* Release */ = {
			isa = XCBuildConfiguration;
			buildSettings = {
				GCC_PRECOMPILE_PREFIX_HEADER = YES;
				GCC_PREFIX_HEADER = "GDataXML/GDataXML-Prefix.pch";
				INFOPLIST_FILE = "GDataXML/GDataXML-Info.plist";
				PRODUCT_NAME = "$(TARGET_NAME)";
				WRAPPER_EXTENSION = app;
			};
			name = Release;
		};
/* End XCBuildConfiguration section */

/* Begin XCConfigurationList section */
		E2BFC281169D3B7D0042AF99 /* Build configuration list for PBXProject "GDataXML" */ = {
			isa = XCConfigurationList;
			buildConfigurations = (
				E2BFC2A9169D3B7E0042AF99 /* Debug */,
				E2BFC2AA169D3B7E0042AF99 /* Release */,
			);
			defaultConfigurationIsVisible = 0;
			defaultConfigurationName = Release;
		};
		E2BFC2AB169D3B7E0042AF99 /* Build configuration list for PBXNativeTarget "GDataXML" */ = {
			isa = XCConfigurationList;
			buildConfigurations = (
				E2BFC2AC169D3B7E0042AF99 /* Debug */,
				E2BFC2AD169D3B7E0042AF99 /* Release */,
			);
			defaultConfigurationIsVisible = 0;
		};
/* End XCConfigurationList section */
	};
	rootObject = E2BFC27E169D3B7D0042AF99 /* Project object */;
}
